version = 1
revision = 2
requires-python = ">=3.10, <3.12"
resolution-markers = [
    "python_full_version >= '3.11'",
    "python_full_version < '3.11'",
]

[[package]]
name = "2021-0326"
version = "0.1.0"
source = { virtual = "." }
dependencies = [
    { name = "cplex" },
    { name = "docplex" },
    { name = "gurobipy" },
    { name = "ortools" },
]

[package.metadata]
requires-dist = [
    { name = "cplex", specifier = ">=22.1.2.0" },
    { name = "docplex", specifier = ">=2.29.245" },
    { name = "gurobipy", specifier = ">=12.0.2" },
    { name = "ortools", specifier = ">=9.12.4544" },
]

[[package]]
name = "absl-py"
version = "2.3.0"
source = { registry = "https://pypi.org/simple" }
sdist = { url = "https://files.pythonhosted.org/packages/03/15/18693af986560a5c3cc0b84a8046b536ffb2cdb536e03cce897f2759e284/absl_py-2.3.0.tar.gz", hash = "sha256:d96fda5c884f1b22178852f30ffa85766d50b99e00775ea626c23304f582fc4f", size = 116400, upload-time = "2025-05-27T09:15:50.143Z" }
wheels = [
    { url = "https://files.pythonhosted.org/packages/87/04/9d75e1d3bb4ab8ec67ff10919476ccdee06c098bcfcf3a352da5f985171d/absl_py-2.3.0-py3-none-any.whl", hash = "sha256:9824a48b654a306168f63e0d97714665f8490b8d89ec7bf2efc24bf67cf579b3", size = 135657, upload-time = "2025-05-27T09:15:48.742Z" },
]

[[package]]
name = "cplex"
version = "22.1.2.0"
source = { registry = "https://pypi.org/simple" }
wheels = [
    { url = "https://files.pythonhosted.org/packages/2f/9e/3e11907eeedd11bfbe71d6d834fff11e1c4804a3b56f9512fc39c317099a/cplex-22.1.2.0-cp310-cp310-manylinux2014_aarch64.whl", hash = "sha256:05aa14e05a374eef925618b7b229fb6720932573247aae7f1766efb74385a534", size = 32635219, upload-time = "2024-12-13T13:44:51.93Z" },
    { url = "https://files.pythonhosted.org/packages/20/a0/36e099f3a7d1f524ccbd0c3a02bf443a1ea07c5460dfc962e1dc5041ce03/cplex-22.1.2.0-cp310-cp310-manylinux2014_ppc64le.whl", hash = "sha256:e7097f6cc23180e97a63d5dfdcb37ab9833fffdc38fa7ee34e7ec6e5d34a8d0f", size = 37077340, upload-time = "2024-12-13T13:44:59.225Z" },
    { url = "https://files.pythonhosted.org/packages/5a/44/a6d070104f9b25c064caf7c627b551986232c10702e8ad0ab4b91664fafd/cplex-22.1.2.0-cp310-cp310-manylinux2014_x86_64.whl", hash = "sha256:c43e67eac01a89b71b2ede70257889bf74a0d2c221f0e31ffcdc101c5520f79c", size = 44299435, upload-time = "2024-12-13T13:45:07.28Z" },
    { url = "https://files.pythonhosted.org/packages/97/c5/0ef8a472122f87fdbacef60ad9aa16a30518c7e0c3268e335702d19f2784/cplex-22.1.2.0-cp310-cp310-win_amd64.whl", hash = "sha256:c58101462cc8aee00ef041c003e9776a4877dd1563fc5d6a737a953ce51f9f83", size = 26383833, upload-time = "2024-12-13T13:45:12.721Z" },
    { url = "https://files.pythonhosted.org/packages/90/67/ac721d3218574525454171c2c071d30e4c6e7434aaafa54272bd689a5393/cplex-22.1.2.0-cp311-cp311-manylinux2014_aarch64.whl", hash = "sha256:f976ce0166bd0e68740e4b514d1395b4f16e8103ef50d9a8f157c1cc916db216", size = 32634872, upload-time = "2024-12-13T13:45:19.529Z" },
    { url = "https://files.pythonhosted.org/packages/05/04/239306c42047131c281c30f836f6668754cfe6aedc32ad029efe982cb38c/cplex-22.1.2.0-cp311-cp311-manylinux2014_ppc64le.whl", hash = "sha256:e875852bd46361b799950cc6854870a5e3d86f7238d4a8ba97648497521bb52b", size = 37077206, upload-time = "2024-12-13T13:45:25.409Z" },
    { url = "https://files.pythonhosted.org/packages/86/75/4519d08bf01eb41f61dc554e52bb2590a2ad63d2a0f79ccdfaa5f123f2f4/cplex-22.1.2.0-cp311-cp311-manylinux2014_x86_64.whl", hash = "sha256:bee12d488df86da5142ccb986fdf537df9ccff8837f33e5f0bc504b0e9b5d3f7", size = 44299356, upload-time = "2024-12-13T13:45:33.377Z" },
    { url = "https://files.pythonhosted.org/packages/fd/c3/74e851371fbf493289edbe2058a9d715166fb46088c1edfa296771db11d1/cplex-22.1.2.0-cp311-cp311-win_amd64.whl", hash = "sha256:afbbad8aaede41255b703ab758452df9a899dbad48366bd0c9991fb219d57062", size = 26383380, upload-time = "2024-12-13T13:45:40.712Z" },
]

[[package]]
name = "docplex"
version = "2.29.245"
source = { registry = "https://pypi.org/simple" }
dependencies = [
    { name = "six" },
]
sdist = { url = "https://files.pythonhosted.org/packages/5c/b1/44817f69ebe0e00f90834b9c4bb58be419c046e042c3b6561ebd50f3039f/docplex-2.29.245.tar.gz", hash = "sha256:a426fe3fa59050f5fe77315f7ba1dc7daa357c7d8d0ed066a58356471d853e4a", size = 645894, upload-time = "2025-04-29T15:13:14.812Z" }

[[package]]
name = "gurobipy"
version = "12.0.2"
source = { registry = "https://pypi.org/simple" }
wheels = [
    { url = "https://files.pythonhosted.org/packages/70/fd/6df9dc400cd4ad42e59b8092ab4640994fcf7cbc4fc5b79cbd1626290d96/gurobipy-12.0.2-cp310-cp310-macosx_10_9_universal2.whl", hash = "sha256:5c9e7757ea214a79a6cfc5ed08ee761b560fa7cf382f458fc2b72deb3c44c800", size = 12279684, upload-time = "2025-05-06T02:20:13.221Z" },
    { url = "https://files.pythonhosted.org/packages/08/9f/eddd780b936524b0c6ef16e5a224e8ae7c35530f035f8cb8902a272c040a/gurobipy-12.0.2-cp310-cp310-manylinux2014_aarch64.manylinux_2_17_aarch64.whl", hash = "sha256:dad2b899942c245422f269f14a23d6670879711ac17f7dcba14890148cab6903", size = 62769855, upload-time = "2025-05-06T02:20:17.266Z" },
    { url = "https://files.pythonhosted.org/packages/a0/fb/27e399c4a0b2f22c9246b614c2640dcfea9b3d21b072f78421e11b684526/gurobipy-12.0.2-cp310-cp310-manylinux2014_x86_64.manylinux_2_17_x86_64.whl", hash = "sha256:f35e457f8107b52155defb983a9b717c665294382cfcb45e0f4cff614d6b398d", size = 14481420, upload-time = "2025-05-06T02:20:21.271Z" },
    { url = "https://files.pythonhosted.org/packages/94/52/e368e1ac2e50c606075c74d4cdf8fd3ff127cab3d735105e63cae7a29dca/gurobipy-12.0.2-cp310-cp310-win_amd64.whl", hash = "sha256:8d507499ed2466096383f39ad987bf81a289a6de271104428ea2247118a6689f", size = 11220119, upload-time = "2025-05-06T02:20:23.536Z" },
    { url = "https://files.pythonhosted.org/packages/12/9c/2bb1f981aa42dd983eb26276d45a4e835a3a319bad24080e8f7748ce814b/gurobipy-12.0.2-cp311-cp311-macosx_10_9_universal2.whl", hash = "sha256:cb227b0a92b55d7eed93fd0a3de6213ed6d0e10eb81316bb3f495e0585f90ab5", size = 12305659, upload-time = "2025-05-06T02:20:26.355Z" },
    { url = "https://files.pythonhosted.org/packages/47/23/3dbeb7ba40d37837449927def83c552032287bf9fb9f8e77c9d1875dc976/gurobipy-12.0.2-cp311-cp311-manylinux2014_aarch64.manylinux_2_17_aarch64.whl", hash = "sha256:f7d1aff950289a20a596f8dbb3d4af65afc09d184e5c82a45835d83db5a71233", size = 62761250, upload-time = "2025-05-06T02:20:30.666Z" },
    { url = "https://files.pythonhosted.org/packages/45/58/a4d1fe171296249ab5461caac0301eb06b5d50a726b0edab0277572b8e58/gurobipy-12.0.2-cp311-cp311-manylinux2014_x86_64.manylinux_2_17_x86_64.whl", hash = "sha256:4feb9f92954df44e52f14a404c966e2a7a183e7b6b63b05473fa4acfe7c356d8", size = 14475125, upload-time = "2025-05-06T02:20:35.516Z" },
    { url = "https://files.pythonhosted.org/packages/0e/eb/86a5e22c20447e7621d74b3b1e7c96885c5278805ea1b64b30a5b904cad6/gurobipy-12.0.2-cp311-cp311-win_amd64.whl", hash = "sha256:432663e84ce2d37a085e1a5b6558618ba098805b0f963817758d1d95579d1dec", size = 11223516, upload-time = "2025-05-06T02:20:37.88Z" },
]

[[package]]
name = "immutabledict"
version = "4.2.1"
source = { registry = "https://pypi.org/simple" }
sdist = { url = "https://files.pythonhosted.org/packages/e0/c5/4240186fbabc58fba41bbe17c5f0cd37ffd4c0b85a5029ab104f946df175/immutabledict-4.2.1.tar.gz", hash = "sha256:d91017248981c72eb66c8ff9834e99c2f53562346f23e7f51e7a5ebcf66a3bcc", size = 6228, upload-time = "2024-11-17T13:25:21.555Z" }
wheels = [
    { url = "https://files.pythonhosted.org/packages/59/56/25ca7b848164b7d93dbd5fc97dd7751700c93e324fe854afbeb562ee2f98/immutabledict-4.2.1-py3-none-any.whl", hash = "sha256:c56a26ced38c236f79e74af3ccce53772827cef5c3bce7cab33ff2060f756373", size = 4700, upload-time = "2024-11-17T13:25:19.52Z" },
]

[[package]]
name = "numpy"
version = "2.2.6"
source = { registry = "https://pypi.org/simple" }
sdist = { url = "https://files.pythonhosted.org/packages/76/21/7d2a95e4bba9dc13d043ee156a356c0a8f0c6309dff6b21b4d71a073b8a8/numpy-2.2.6.tar.gz", hash = "sha256:e29554e2bef54a90aa5cc07da6ce955accb83f21ab5de01a62c8478897b264fd", size = 20276440, upload-time = "2025-05-17T22:38:04.611Z" }
wheels = [
    { url = "https://files.pythonhosted.org/packages/9a/3e/ed6db5be21ce87955c0cbd3009f2803f59fa08df21b5df06862e2d8e2bdd/numpy-2.2.6-cp310-cp310-macosx_10_9_x86_64.whl", hash = "sha256:b412caa66f72040e6d268491a59f2c43bf03eb6c96dd8f0307829feb7fa2b6fb", size = 21165245, upload-time = "2025-05-17T21:27:58.555Z" },
    { url = "https://files.pythonhosted.org/packages/22/c2/4b9221495b2a132cc9d2eb862e21d42a009f5a60e45fc44b00118c174bff/numpy-2.2.6-cp310-cp310-macosx_11_0_arm64.whl", hash = "sha256:8e41fd67c52b86603a91c1a505ebaef50b3314de0213461c7a6e99c9a3beff90", size = 14360048, upload-time = "2025-05-17T21:28:21.406Z" },
    { url = "https://files.pythonhosted.org/packages/fd/77/dc2fcfc66943c6410e2bf598062f5959372735ffda175b39906d54f02349/numpy-2.2.6-cp310-cp310-macosx_14_0_arm64.whl", hash = "sha256:37e990a01ae6ec7fe7fa1c26c55ecb672dd98b19c3d0e1d1f326fa13cb38d163", size = 5340542, upload-time = "2025-05-17T21:28:30.931Z" },
    { url = "https://files.pythonhosted.org/packages/7a/4f/1cb5fdc353a5f5cc7feb692db9b8ec2c3d6405453f982435efc52561df58/numpy-2.2.6-cp310-cp310-macosx_14_0_x86_64.whl", hash = "sha256:5a6429d4be8ca66d889b7cf70f536a397dc45ba6faeb5f8c5427935d9592e9cf", size = 6878301, upload-time = "2025-05-17T21:28:41.613Z" },
    { url = "https://files.pythonhosted.org/packages/eb/17/96a3acd228cec142fcb8723bd3cc39c2a474f7dcf0a5d16731980bcafa95/numpy-2.2.6-cp310-cp310-manylinux_2_17_aarch64.manylinux2014_aarch64.whl", hash = "sha256:efd28d4e9cd7d7a8d39074a4d44c63eda73401580c5c76acda2ce969e0a38e83", size = 14297320, upload-time = "2025-05-17T21:29:02.78Z" },
    { url = "https://files.pythonhosted.org/packages/b4/63/3de6a34ad7ad6646ac7d2f55ebc6ad439dbbf9c4370017c50cf403fb19b5/numpy-2.2.6-cp310-cp310-manylinux_2_17_x86_64.manylinux2014_x86_64.whl", hash = "sha256:fc7b73d02efb0e18c000e9ad8b83480dfcd5dfd11065997ed4c6747470ae8915", size = 16801050, upload-time = "2025-05-17T21:29:27.675Z" },
    { url = "https://files.pythonhosted.org/packages/07/b6/89d837eddef52b3d0cec5c6ba0456c1bf1b9ef6a6672fc2b7873c3ec4e2e/numpy-2.2.6-cp310-cp310-musllinux_1_2_aarch64.whl", hash = "sha256:74d4531beb257d2c3f4b261bfb0fc09e0f9ebb8842d82a7b4209415896adc680", size = 15807034, upload-time = "2025-05-17T21:29:51.102Z" },
    { url = "https://files.pythonhosted.org/packages/01/c8/dc6ae86e3c61cfec1f178e5c9f7858584049b6093f843bca541f94120920/numpy-2.2.6-cp310-cp310-musllinux_1_2_x86_64.whl", hash = "sha256:8fc377d995680230e83241d8a96def29f204b5782f371c532579b4f20607a289", size = 18614185, upload-time = "2025-05-17T21:30:18.703Z" },
    { url = "https://files.pythonhosted.org/packages/5b/c5/0064b1b7e7c89137b471ccec1fd2282fceaae0ab3a9550f2568782d80357/numpy-2.2.6-cp310-cp310-win32.whl", hash = "sha256:b093dd74e50a8cba3e873868d9e93a85b78e0daf2e98c6797566ad8044e8363d", size = 6527149, upload-time = "2025-05-17T21:30:29.788Z" },
    { url = "https://files.pythonhosted.org/packages/a3/dd/4b822569d6b96c39d1215dbae0582fd99954dcbcf0c1a13c61783feaca3f/numpy-2.2.6-cp310-cp310-win_amd64.whl", hash = "sha256:f0fd6321b839904e15c46e0d257fdd101dd7f530fe03fd6359c1ea63738703f3", size = 12904620, upload-time = "2025-05-17T21:30:48.994Z" },
    { url = "https://files.pythonhosted.org/packages/da/a8/4f83e2aa666a9fbf56d6118faaaf5f1974d456b1823fda0a176eff722839/numpy-2.2.6-cp311-cp311-macosx_10_9_x86_64.whl", hash = "sha256:f9f1adb22318e121c5c69a09142811a201ef17ab257a1e66ca3025065b7f53ae", size = 21176963, upload-time = "2025-05-17T21:31:19.36Z" },
    { url = "https://files.pythonhosted.org/packages/b3/2b/64e1affc7972decb74c9e29e5649fac940514910960ba25cd9af4488b66c/numpy-2.2.6-cp311-cp311-macosx_11_0_arm64.whl", hash = "sha256:c820a93b0255bc360f53eca31a0e676fd1101f673dda8da93454a12e23fc5f7a", size = 14406743, upload-time = "2025-05-17T21:31:41.087Z" },
    { url = "https://files.pythonhosted.org/packages/4a/9f/0121e375000b5e50ffdd8b25bf78d8e1a5aa4cca3f185d41265198c7b834/numpy-2.2.6-cp311-cp311-macosx_14_0_arm64.whl", hash = "sha256:3d70692235e759f260c3d837193090014aebdf026dfd167834bcba43e30c2a42", size = 5352616, upload-time = "2025-05-17T21:31:50.072Z" },
    { url = "https://files.pythonhosted.org/packages/31/0d/b48c405c91693635fbe2dcd7bc84a33a602add5f63286e024d3b6741411c/numpy-2.2.6-cp311-cp311-macosx_14_0_x86_64.whl", hash = "sha256:481b49095335f8eed42e39e8041327c05b0f6f4780488f61286ed3c01368d491", size = 6889579, upload-time = "2025-05-17T21:32:01.712Z" },
    { url = "https://files.pythonhosted.org/packages/52/b8/7f0554d49b565d0171eab6e99001846882000883998e7b7d9f0d98b1f934/numpy-2.2.6-cp311-cp311-manylinux_2_17_aarch64.manylinux2014_aarch64.whl", hash = "sha256:b64d8d4d17135e00c8e346e0a738deb17e754230d7e0810ac5012750bbd85a5a", size = 14312005, upload-time = "2025-05-17T21:32:23.332Z" },
    { url = "https://files.pythonhosted.org/packages/b3/dd/2238b898e51bd6d389b7389ffb20d7f4c10066d80351187ec8e303a5a475/numpy-2.2.6-cp311-cp311-manylinux_2_17_x86_64.manylinux2014_x86_64.whl", hash = "sha256:ba10f8411898fc418a521833e014a77d3ca01c15b0c6cdcce6a0d2897e6dbbdf", size = 16821570, upload-time = "2025-05-17T21:32:47.991Z" },
    { url = "https://files.pythonhosted.org/packages/83/6c/44d0325722cf644f191042bf47eedad61c1e6df2432ed65cbe28509d404e/numpy-2.2.6-cp311-cp311-musllinux_1_2_aarch64.whl", hash = "sha256:bd48227a919f1bafbdda0583705e547892342c26fb127219d60a5c36882609d1", size = 15818548, upload-time = "2025-05-17T21:33:11.728Z" },
    { url = "https://files.pythonhosted.org/packages/ae/9d/81e8216030ce66be25279098789b665d49ff19eef08bfa8cb96d4957f422/numpy-2.2.6-cp311-cp311-musllinux_1_2_x86_64.whl", hash = "sha256:9551a499bf125c1d4f9e250377c1ee2eddd02e01eac6644c080162c0c51778ab", size = 18620521, upload-time = "2025-05-17T21:33:39.139Z" },
    { url = "https://files.pythonhosted.org/packages/6a/fd/e19617b9530b031db51b0926eed5345ce8ddc669bb3bc0044b23e275ebe8/numpy-2.2.6-cp311-cp311-win32.whl", hash = "sha256:0678000bb9ac1475cd454c6b8c799206af8107e310843532b04d49649c717a47", size = 6525866, upload-time = "2025-05-17T21:33:50.273Z" },
    { url = "https://files.pythonhosted.org/packages/31/0a/f354fb7176b81747d870f7991dc763e157a934c717b67b58456bc63da3df/numpy-2.2.6-cp311-cp311-win_amd64.whl", hash = "sha256:e8213002e427c69c45a52bbd94163084025f533a55a59d6f9c5b820774ef3303", size = 12907455, upload-time = "2025-05-17T21:34:09.135Z" },
    { url = "https://files.pythonhosted.org/packages/9e/3b/d94a75f4dbf1ef5d321523ecac21ef23a3cd2ac8b78ae2aac40873590229/numpy-2.2.6-pp310-pypy310_pp73-macosx_10_15_x86_64.whl", hash = "sha256:0b605b275d7bd0c640cad4e5d30fa701a8d59302e127e5f79138ad62762c3e3d", size = 21040391, upload-time = "2025-05-17T21:44:35.948Z" },
    { url = "https://files.pythonhosted.org/packages/17/f4/09b2fa1b58f0fb4f7c7963a1649c64c4d315752240377ed74d9cd878f7b5/numpy-2.2.6-pp310-pypy310_pp73-macosx_14_0_x86_64.whl", hash = "sha256:7befc596a7dc9da8a337f79802ee8adb30a552a94f792b9c9d18c840055907db", size = 6786754, upload-time = "2025-05-17T21:44:47.446Z" },
    { url = "https://files.pythonhosted.org/packages/af/30/feba75f143bdc868a1cc3f44ccfa6c4b9ec522b36458e738cd00f67b573f/numpy-2.2.6-pp310-pypy310_pp73-manylinux_2_17_x86_64.manylinux2014_x86_64.whl", hash = "sha256:ce47521a4754c8f4593837384bd3424880629f718d87c5d44f8ed763edd63543", size = 16643476, upload-time = "2025-05-17T21:45:11.871Z" },
    { url = "https://files.pythonhosted.org/packages/37/48/ac2a9584402fb6c0cd5b5d1a91dcf176b15760130dd386bbafdbfe3640bf/numpy-2.2.6-pp310-pypy310_pp73-win_amd64.whl", hash = "sha256:d042d24c90c41b54fd506da306759e06e568864df8ec17ccc17e9e884634fd00", size = 12812666, upload-time = "2025-05-17T21:45:31.426Z" },
]

[[package]]
name = "ortools"
version = "9.12.4544"
source = { registry = "https://pypi.org/simple" }
dependencies = [
    { name = "absl-py" },
    { name = "immutabledict" },
    { name = "numpy" },
    { name = "pandas" },
    { name = "protobuf" },
]
wheels = [
    { url = "https://files.pythonhosted.org/packages/ea/08/f1f7a172bbf1dc2f09575d5208f34ec0909420c7c4e6bd5894bd202ddfc4/ortools-9.12.4544-cp310-cp310-macosx_10_15_x86_64.whl", hash = "sha256:28fd8ca1f02ff7acee9ff47a1f02281d61d7d98a56e77694316701150fc21699", size = 20340922, upload-time = "2025-02-17T09:55:54.81Z" },
    { url = "https://files.pythonhosted.org/packages/b3/c6/c8347a8f09c930677e6d569aed18758f5d6ca21c2e86436b49f56b7be8c9/ortools-9.12.4544-cp310-cp310-macosx_11_0_arm64.whl", hash = "sha256:e33598960fbea63cb087a078a657153cb8ed963bf818d730b9b38f1ba6dad62e", size = 18336528, upload-time = "2025-02-17T09:55:59.327Z" },
    { url = "https://files.pythonhosted.org/packages/82/8b/273e2c9389f08b0c1fcbbc8d93ebb006a9b6c3725c56071443c658b60ffa/ortools-9.12.4544-cp310-cp310-manylinux_2_27_aarch64.manylinux_2_28_aarch64.whl", hash = "sha256:66183cc6bcafc71db5b6068a08287577ffac2f636b7a36946c6cf22d57102949", size = 23139567, upload-time = "2025-02-17T15:04:28.943Z" },
    { url = "https://files.pythonhosted.org/packages/5b/3f/3cfa832aec6bcbfaf877bdee4c5e868c43a22c6a1d89b857333525af5397/ortools-9.12.4544-cp310-cp310-manylinux_2_27_x86_64.manylinux_2_28_x86_64.whl", hash = "sha256:7dd6001452a6b93fc8e5deec1e84b1785453f903ae92b8c59b782dfa4db274b7", size = 24932195, upload-time = "2025-02-17T09:52:42.229Z" },
    { url = "https://files.pythonhosted.org/packages/eb/0a/1188e5e97b6a26b30cd09a056a524a05298e1a8eceb8cc9dc3509bd656b8/ortools-9.12.4544-cp310-cp310-musllinux_1_2_x86_64.whl", hash = "sha256:9a08fc6bfbd1571346203bcb2e94c73382638693214d35da494b300efd917eb4", size = 26670845, upload-time = "2025-02-17T09:52:48.511Z" },
    { url = "https://files.pythonhosted.org/packages/11/cf/dcbcadd0edfa6a83bf6a005c54cdc8bc974ed90b2931b6b6561d5fc05ed4/ortools-9.12.4544-cp310-cp310-win_amd64.whl", hash = "sha256:03fcfaac3574f6b11f3062a211da05f10bb5cc6668cd1bbcd26194ff1e802332", size = 18046129, upload-time = "2025-02-17T10:01:00.502Z" },
    { url = "https://files.pythonhosted.org/packages/7f/51/64eb9f787995df03600479448d5022661e3289155ba1dfbb1e36594a9906/ortools-9.12.4544-cp311-cp311-macosx_10_15_x86_64.whl", hash = "sha256:134209d45d6c348522d44acec578a2cb0a6ed11d909323cddb3f27581b8b680b", size = 20360065, upload-time = "2025-02-17T09:56:04.765Z" },
    { url = "https://files.pythonhosted.org/packages/bf/4c/2b7581a9615e3e037a0cc416fee5f4515ed28d06b41c11d38264674b72ff/ortools-9.12.4544-cp311-cp311-macosx_11_0_arm64.whl", hash = "sha256:8b3ffd347ee3e42e0f9f40f055a4c3cdf47ce37bde29bfc9d28d8e7b750c1db7", size = 18350949, upload-time = "2025-02-17T09:56:09.422Z" },
    { url = "https://files.pythonhosted.org/packages/b8/14/8ee9c871f408953c6042c27afcf942293217e5ab22130599ac17723b79a7/ortools-9.12.4544-cp311-cp311-manylinux_2_27_aarch64.manylinux_2_28_aarch64.whl", hash = "sha256:a05b85f0b25ddaf61bc9e1bbbfa7003a148631ce0ef6ac7c5674daa382ead11f", size = 23155252, upload-time = "2025-02-17T15:04:34.042Z" },
    { url = "https://files.pythonhosted.org/packages/8d/61/96362100f3ae7eb430b17a67b499b744dadc0c5f823de100c922729d3fc0/ortools-9.12.4544-cp311-cp311-manylinux_2_27_x86_64.manylinux_2_28_x86_64.whl", hash = "sha256:b71e6d4207983a8c8ebba8ad4c6728dc4b669d5efaa126877487a9364256260d", size = 24946115, upload-time = "2025-02-17T09:52:56.238Z" },
    { url = "https://files.pythonhosted.org/packages/8b/c4/3cd8e5fbc8e15ef78cbf688f19be949db0d806ee279f81108723cb72d4c1/ortools-9.12.4544-cp311-cp311-musllinux_1_2_x86_64.whl", hash = "sha256:84a79236b3c4fa5d080c2ff5e3ca8444f4e66aac1e18bc671dba4c14cf346213", size = 26686804, upload-time = "2025-02-17T09:53:01.487Z" },
    { url = "https://files.pythonhosted.org/packages/44/e3/e3ccde08bce3347433a74582195853608d7e473eda2255badf81fe84ee30/ortools-9.12.4544-cp311-cp311-win_amd64.whl", hash = "sha256:68ca59b377e39db578a79bdca6ac940c44b52983892e77850360b91773affe27", size = 18060489, upload-time = "2025-02-17T10:01:05.52Z" },
]

[[package]]
name = "pandas"
version = "2.2.3"
source = { registry = "https://pypi.org/simple" }
dependencies = [
    { name = "numpy" },
    { name = "python-dateutil" },
    { name = "pytz" },
    { name = "tzdata" },
]
sdist = { url = "https://files.pythonhosted.org/packages/9c/d6/9f8431bacc2e19dca897724cd097b1bb224a6ad5433784a44b587c7c13af/pandas-2.2.3.tar.gz", hash = "sha256:4f18ba62b61d7e192368b84517265a99b4d7ee8912f8708660fb4a366cc82667", size = 4399213, upload-time = "2024-09-20T13:10:04.827Z" }
wheels = [
    { url = "https://files.pythonhosted.org/packages/aa/70/c853aec59839bceed032d52010ff5f1b8d87dc3114b762e4ba2727661a3b/pandas-2.2.3-cp310-cp310-macosx_10_9_x86_64.whl", hash = "sha256:1948ddde24197a0f7add2bdc4ca83bf2b1ef84a1bc8ccffd95eda17fd836ecb5", size = 12580827, upload-time = "2024-09-20T13:08:42.347Z" },
    { url = "https://files.pythonhosted.org/packages/99/f2/c4527768739ffa4469b2b4fff05aa3768a478aed89a2f271a79a40eee984/pandas-2.2.3-cp310-cp310-macosx_11_0_arm64.whl", hash = "sha256:381175499d3802cde0eabbaf6324cce0c4f5d52ca6f8c377c29ad442f50f6348", size = 11303897, upload-time = "2024-09-20T13:08:45.807Z" },
    { url = "https://files.pythonhosted.org/packages/ed/12/86c1747ea27989d7a4064f806ce2bae2c6d575b950be087837bdfcabacc9/pandas-2.2.3-cp310-cp310-manylinux2014_aarch64.manylinux_2_17_aarch64.whl", hash = "sha256:d9c45366def9a3dd85a6454c0e7908f2b3b8e9c138f5dc38fed7ce720d8453ed", size = 66480908, upload-time = "2024-09-20T18:37:13.513Z" },
    { url = "https://files.pythonhosted.org/packages/44/50/7db2cd5e6373ae796f0ddad3675268c8d59fb6076e66f0c339d61cea886b/pandas-2.2.3-cp310-cp310-manylinux_2_17_x86_64.manylinux2014_x86_64.whl", hash = "sha256:86976a1c5b25ae3f8ccae3a5306e443569ee3c3faf444dfd0f41cda24667ad57", size = 13064210, upload-time = "2024-09-20T13:08:48.325Z" },
    { url = "https://files.pythonhosted.org/packages/61/61/a89015a6d5536cb0d6c3ba02cebed51a95538cf83472975275e28ebf7d0c/pandas-2.2.3-cp310-cp310-musllinux_1_2_aarch64.whl", hash = "sha256:b8661b0238a69d7aafe156b7fa86c44b881387509653fdf857bebc5e4008ad42", size = 16754292, upload-time = "2024-09-20T19:01:54.443Z" },
    { url = "https://files.pythonhosted.org/packages/ce/0d/4cc7b69ce37fac07645a94e1d4b0880b15999494372c1523508511b09e40/pandas-2.2.3-cp310-cp310-musllinux_1_2_x86_64.whl", hash = "sha256:37e0aced3e8f539eccf2e099f65cdb9c8aa85109b0be6e93e2baff94264bdc6f", size = 14416379, upload-time = "2024-09-20T13:08:50.882Z" },
    { url = "https://files.pythonhosted.org/packages/31/9e/6ebb433de864a6cd45716af52a4d7a8c3c9aaf3a98368e61db9e69e69a9c/pandas-2.2.3-cp310-cp310-win_amd64.whl", hash = "sha256:56534ce0746a58afaf7942ba4863e0ef81c9c50d3f0ae93e9497d6a41a057645", size = 11598471, upload-time = "2024-09-20T13:08:53.332Z" },
    { url = "https://files.pythonhosted.org/packages/a8/44/d9502bf0ed197ba9bf1103c9867d5904ddcaf869e52329787fc54ed70cc8/pandas-2.2.3-cp311-cp311-macosx_10_9_x86_64.whl", hash = "sha256:66108071e1b935240e74525006034333f98bcdb87ea116de573a6a0dccb6c039", size = 12602222, upload-time = "2024-09-20T13:08:56.254Z" },
    { url = "https://files.pythonhosted.org/packages/52/11/9eac327a38834f162b8250aab32a6781339c69afe7574368fffe46387edf/pandas-2.2.3-cp311-cp311-macosx_11_0_arm64.whl", hash = "sha256:7c2875855b0ff77b2a64a0365e24455d9990730d6431b9e0ee18ad8acee13dbd", size = 11321274, upload-time = "2024-09-20T13:08:58.645Z" },
    { url = "https://files.pythonhosted.org/packages/45/fb/c4beeb084718598ba19aa9f5abbc8aed8b42f90930da861fcb1acdb54c3a/pandas-2.2.3-cp311-cp311-manylinux2014_aarch64.manylinux_2_17_aarch64.whl", hash = "sha256:cd8d0c3be0515c12fed0bdbae072551c8b54b7192c7b1fda0ba56059a0179698", size = 15579836, upload-time = "2024-09-20T19:01:57.571Z" },
    { url = "https://files.pythonhosted.org/packages/cd/5f/4dba1d39bb9c38d574a9a22548c540177f78ea47b32f99c0ff2ec499fac5/pandas-2.2.3-cp311-cp311-manylinux_2_17_x86_64.manylinux2014_x86_64.whl", hash = "sha256:c124333816c3a9b03fbeef3a9f230ba9a737e9e5bb4060aa2107a86cc0a497fc", size = 13058505, upload-time = "2024-09-20T13:09:01.501Z" },
    { url = "https://files.pythonhosted.org/packages/b9/57/708135b90391995361636634df1f1130d03ba456e95bcf576fada459115a/pandas-2.2.3-cp311-cp311-musllinux_1_2_aarch64.whl", hash = "sha256:63cc132e40a2e084cf01adf0775b15ac515ba905d7dcca47e9a251819c575ef3", size = 16744420, upload-time = "2024-09-20T19:02:00.678Z" },
    { url = "https://files.pythonhosted.org/packages/86/4a/03ed6b7ee323cf30404265c284cee9c65c56a212e0a08d9ee06984ba2240/pandas-2.2.3-cp311-cp311-musllinux_1_2_x86_64.whl", hash = "sha256:29401dbfa9ad77319367d36940cd8a0b3a11aba16063e39632d98b0e931ddf32", size = 14440457, upload-time = "2024-09-20T13:09:04.105Z" },
    { url = "https://files.pythonhosted.org/packages/ed/8c/87ddf1fcb55d11f9f847e3c69bb1c6f8e46e2f40ab1a2d2abadb2401b007/pandas-2.2.3-cp311-cp311-win_amd64.whl", hash = "sha256:3fc6873a41186404dad67245896a6e440baacc92f5b716ccd1bc9ed2995ab2c5", size = 11617166, upload-time = "2024-09-20T13:09:06.917Z" },
]

[[package]]
name = "protobuf"
version = "5.29.5"
source = { registry = "https://pypi.org/simple" }
sdist = { url = "https://files.pythonhosted.org/packages/43/29/d09e70352e4e88c9c7a198d5645d7277811448d76c23b00345670f7c8a38/protobuf-5.29.5.tar.gz", hash = "sha256:bc1463bafd4b0929216c35f437a8e28731a2b7fe3d98bb77a600efced5a15c84", size = 425226, upload-time = "2025-05-28T23:51:59.82Z" }
wheels = [
    { url = "https://files.pythonhosted.org/packages/5f/11/6e40e9fc5bba02988a214c07cf324595789ca7820160bfd1f8be96e48539/protobuf-5.29.5-cp310-abi3-win32.whl", hash = "sha256:3f1c6468a2cfd102ff4703976138844f78ebd1fb45f49011afc5139e9e283079", size = 422963, upload-time = "2025-05-28T23:51:41.204Z" },
    { url = "https://files.pythonhosted.org/packages/81/7f/73cefb093e1a2a7c3ffd839e6f9fcafb7a427d300c7f8aef9c64405d8ac6/protobuf-5.29.5-cp310-abi3-win_amd64.whl", hash = "sha256:3f76e3a3675b4a4d867b52e4a5f5b78a2ef9565549d4037e06cf7b0942b1d3fc", size = 434818, upload-time = "2025-05-28T23:51:44.297Z" },
    { url = "https://files.pythonhosted.org/packages/dd/73/10e1661c21f139f2c6ad9b23040ff36fee624310dc28fba20d33fdae124c/protobuf-5.29.5-cp38-abi3-macosx_10_9_universal2.whl", hash = "sha256:e38c5add5a311f2a6eb0340716ef9b039c1dfa428b28f25a7838ac329204a671", size = 418091, upload-time = "2025-05-28T23:51:45.907Z" },
    { url = "https://files.pythonhosted.org/packages/6c/04/98f6f8cf5b07ab1294c13f34b4e69b3722bb609c5b701d6c169828f9f8aa/protobuf-5.29.5-cp38-abi3-manylinux2014_aarch64.whl", hash = "sha256:fa18533a299d7ab6c55a238bf8629311439995f2e7eca5caaff08663606e9015", size = 319824, upload-time = "2025-05-28T23:51:47.545Z" },
    { url = "https://files.pythonhosted.org/packages/85/e4/07c80521879c2d15f321465ac24c70efe2381378c00bf5e56a0f4fbac8cd/protobuf-5.29.5-cp38-abi3-manylinux2014_x86_64.whl", hash = "sha256:63848923da3325e1bf7e9003d680ce6e14b07e55d0473253a690c3a8b8fd6e61", size = 319942, upload-time = "2025-05-28T23:51:49.11Z" },
    { url = "https://files.pythonhosted.org/packages/7e/cc/7e77861000a0691aeea8f4566e5d3aa716f2b1dece4a24439437e41d3d25/protobuf-5.29.5-py3-none-any.whl", hash = "sha256:6cf42630262c59b2d8de33954443d94b746c952b01434fc58a417fdbd2e84bd5", size = 172823, upload-time = "2025-05-28T23:51:58.157Z" },
]

[[package]]
name = "python-dateutil"
version = "2.9.0.post0"
source = { registry = "https://pypi.org/simple" }
dependencies = [
    { name = "six" },
]
sdist = { url = "https://files.pythonhosted.org/packages/66/c0/0c8b6ad9f17a802ee498c46e004a0eb49bc148f2fd230864601a86dcf6db/python-dateutil-2.9.0.post0.tar.gz", hash = "sha256:37dd54208da7e1cd875388217d5e00ebd4179249f90fb72437e91a35459a0ad3", size = 342432, upload-time = "2024-03-01T18:36:20.211Z" }
wheels = [
    { url = "https://files.pythonhosted.org/packages/ec/57/56b9bcc3c9c6a792fcbaf139543cee77261f3651ca9da0c93f5c1221264b/python_dateutil-2.9.0.post0-py2.py3-none-any.whl", hash = "sha256:a8b2bc7bffae282281c8140a97d3aa9c14da0b136dfe83f850eea9a5f7470427", size = 229892, upload-time = "2024-03-01T18:36:18.57Z" },
]

[[package]]
name = "pytz"
version = "2025.2"
source = { registry = "https://pypi.org/simple" }
sdist = { url = "https://files.pythonhosted.org/packages/f8/bf/abbd3cdfb8fbc7fb3d4d38d320f2441b1e7cbe29be4f23797b4a2b5d8aac/pytz-2025.2.tar.gz", hash = "sha256:360b9e3dbb49a209c21ad61809c7fb453643e048b38924c765813546746e81c3", size = 320884, upload-time = "2025-03-25T02:25:00.538Z" }
wheels = [
    { url = "https://files.pythonhosted.org/packages/81/c4/34e93fe5f5429d7570ec1fa436f1986fb1f00c3e0f43a589fe2bbcd22c3f/pytz-2025.2-py2.py3-none-any.whl", hash = "sha256:5ddf76296dd8c44c26eb8f4b6f35488f3ccbf6fbbd7adee0b7262d43f0ec2f00", size = 509225, upload-time = "2025-03-25T02:24:58.468Z" },
]

[[package]]
name = "six"
version = "1.17.0"
source = { registry = "https://pypi.org/simple" }
sdist = { url = "https://files.pythonhosted.org/packages/94/e7/b2c673351809dca68a0e064b6af791aa332cf192da575fd474ed7d6f16a2/six-1.17.0.tar.gz", hash = "sha256:ff70335d468e7eb6ec65b95b99d3a2836546063f63acc5171de367e834932a81", size = 34031, upload-time = "2024-12-04T17:35:28.174Z" }
wheels = [
    { url = "https://files.pythonhosted.org/packages/b7/ce/149a00dd41f10bc29e5921b496af8b574d8413afcd5e30dfa0ed46c2cc5e/six-1.17.0-py2.py3-none-any.whl", hash = "sha256:4721f391ed90541fddacab5acf947aa0d3dc7d27b2e1e8eda2be8970586c3274", size = 11050, upload-time = "2024-12-04T17:35:26.475Z" },
]

[[package]]
name = "tzdata"
version = "2025.2"
source = { registry = "https://pypi.org/simple" }
sdist = { url = "https://files.pythonhosted.org/packages/95/32/1a225d6164441be760d75c2c42e2780dc0873fe382da3e98a2e1e48361e5/tzdata-2025.2.tar.gz", hash = "sha256:b60a638fcc0daffadf82fe0f57e53d06bdec2f36c4df66280ae79bce6bd6f2b9", size = 196380, upload-time = "2025-03-23T13:54:43.652Z" }
wheels = [
    { url = "https://files.pythonhosted.org/packages/5c/23/c7abc0ca0a1526a0774eca151daeb8de62ec457e77262b66b359c3c7679e/tzdata-2025.2-py2.py3-none-any.whl", hash = "sha256:1a403fada01ff9221ca8044d701868fa132215d84beb92242d9acd2147f667a8", size = 347839, upload-time = "2025-03-23T13:54:41.845Z" },
]
